// !$*UTF8*$!
{
	archiveVersion = 1;
	classes = {
	};
	objectVersion = 46;
	objects = {

/* Begin PBXBuildFile section */
		FA26295E1E37C79D00E96FC2 /* ArticleListTableViewController.swift in Sources */ = {isa = PBXBuildFile; fileRef = FA26295D1E37C79D00E96FC2 /* ArticleListTableViewController.swift */; };
		FA2629601E37EC5E00E96FC2 /* ArticleTableViewCell.swift in Sources */ = {isa = PBXBuildFile; fileRef = FA26295F1E37EC5E00E96FC2 /* ArticleTableViewCell.swift */; };
		FA39A41B1E3CB85A00988684 /* HTMLCleaner.swift in Sources */ = {isa = PBXBuildFile; fileRef = FA39A41A1E3CB85A00988684 /* HTMLCleaner.swift */; };
		FA39A41F1E3CECF100988684 /* Matcher.swift in Sources */ = {isa = PBXBuildFile; fileRef = FA39A41E1E3CECF100988684 /* Matcher.swift */; };
		FA5215D11E26B3B00014AC95 /* AppDelegate.swift in Sources */ = {isa = PBXBuildFile; fileRef = FA5215D01E26B3B00014AC95 /* AppDelegate.swift */; };
		FA5215D61E26B3B00014AC95 /* Main.storyboard in Resources */ = {isa = PBXBuildFile; fileRef = FA5215D41E26B3B00014AC95 /* Main.storyboard */; };
		FA5215D91E26B3B00014AC95 /* ArticleViewer.xcdatamodeld in Sources */ = {isa = PBXBuildFile; fileRef = FA5215D71E26B3B00014AC95 /* ArticleViewer.xcdatamodeld */; };
		FA5215DB1E26B3B00014AC95 /* Assets.xcassets in Resources */ = {isa = PBXBuildFile; fileRef = FA5215DA1E26B3B00014AC95 /* Assets.xcassets */; };
		FA5215DE1E26B3B00014AC95 /* LaunchScreen.storyboard in Resources */ = {isa = PBXBuildFile; fileRef = FA5215DC1E26B3B00014AC95 /* LaunchScreen.storyboard */; };
		FA994F7F1E38EB74008B49DA /* ListModel.swift in Sources */ = {isa = PBXBuildFile; fileRef = FA994F7E1E38EB74008B49DA /* ListModel.swift */; };
		FA994FB61E3A3297008B49DA /* ArticleTextViewController.swift in Sources */ = {isa = PBXBuildFile; fileRef = FA994FB51E3A3297008B49DA /* ArticleTextViewController.swift */; };
		FA994FB81E3A3AAD008B49DA /* ArticleModel.swift in Sources */ = {isa = PBXBuildFile; fileRef = FA994FB71E3A3AAD008B49DA /* ArticleModel.swift */; };
		FAA98CC91E3E5BA800EB24FD /* Alamofire.framework in Frameworks */ = {isa = PBXBuildFile; fileRef = FAA98CBC1E3E5B5200EB24FD /* Alamofire.framework */; };
		FAA98CCA1E3E5BA800EB24FD /* Alamofire.framework in Embed Frameworks */ = {isa = PBXBuildFile; fileRef = FAA98CBC1E3E5B5200EB24FD /* Alamofire.framework */; settings = {ATTRIBUTES = (CodeSignOnCopy, RemoveHeadersOnCopy, ); }; };
		FAA98D041E3E5CF400EB24FD /* AlamofireImage.framework in Frameworks */ = {isa = PBXBuildFile; fileRef = FAA98CF71E3E5CD700EB24FD /* AlamofireImage.framework */; };
		FAA98D051E3E5CF400EB24FD /* AlamofireImage.framework in Embed Frameworks */ = {isa = PBXBuildFile; fileRef = FAA98CF71E3E5CD700EB24FD /* AlamofireImage.framework */; settings = {ATTRIBUTES = (CodeSignOnCopy, RemoveHeadersOnCopy, ); }; };
/* End PBXBuildFile section */

/* Begin PBXContainerItemProxy section */
		FAA98CBB1E3E5B5200EB24FD /* PBXContainerItemProxy */ = {
			isa = PBXContainerItemProxy;
			containerPortal = FAA98CB01E3E5B5200EB24FD /* Alamofire.xcodeproj */;
			proxyType = 2;
			remoteGlobalIDString = F8111E3319A95C8B0040E7D1;
			remoteInfo = "Alamofire iOS";
		};
		FAA98CBD1E3E5B5200EB24FD /* PBXContainerItemProxy */ = {
			isa = PBXContainerItemProxy;
			containerPortal = FAA98CB01E3E5B5200EB24FD /* Alamofire.xcodeproj */;
			proxyType = 2;
			remoteGlobalIDString = F8111E3E19A95C8B0040E7D1;
			remoteInfo = "Alamofire iOS Tests";
		};
		FAA98CBF1E3E5B5200EB24FD /* PBXContainerItemProxy */ = {
			isa = PBXContainerItemProxy;
			containerPortal = FAA98CB01E3E5B5200EB24FD /* Alamofire.xcodeproj */;
			proxyType = 2;
			remoteGlobalIDString = 4DD67C0B1A5C55C900ED2280;
			remoteInfo = "Alamofire macOS";
		};
		FAA98CC11E3E5B5200EB24FD /* PBXContainerItemProxy */ = {
			isa = PBXContainerItemProxy;
			containerPortal = FAA98CB01E3E5B5200EB24FD /* Alamofire.xcodeproj */;
			proxyType = 2;
			remoteGlobalIDString = F829C6B21A7A94F100A2CD59;
			remoteInfo = "Alamofire macOS Tests";
		};
		FAA98CC31E3E5B5200EB24FD /* PBXContainerItemProxy */ = {
			isa = PBXContainerItemProxy;
			containerPortal = FAA98CB01E3E5B5200EB24FD /* Alamofire.xcodeproj */;
			proxyType = 2;
			remoteGlobalIDString = 4CF626EF1BA7CB3E0011A099;
			remoteInfo = "Alamofire tvOS";
		};
		FAA98CC51E3E5B5200EB24FD /* PBXContainerItemProxy */ = {
			isa = PBXContainerItemProxy;
			containerPortal = FAA98CB01E3E5B5200EB24FD /* Alamofire.xcodeproj */;
			proxyType = 2;
			remoteGlobalIDString = 4CF626F81BA7CB3E0011A099;
			remoteInfo = "Alamofire tvOS Tests";
		};
		FAA98CC71E3E5B5200EB24FD /* PBXContainerItemProxy */ = {
			isa = PBXContainerItemProxy;
			containerPortal = FAA98CB01E3E5B5200EB24FD /* Alamofire.xcodeproj */;
			proxyType = 2;
			remoteGlobalIDString = E4202FE01B667AA100C997FB;
			remoteInfo = "Alamofire watchOS";
		};
		FAA98CCB1E3E5BA800EB24FD /* PBXContainerItemProxy */ = {
			isa = PBXContainerItemProxy;
			containerPortal = FAA98CB01E3E5B5200EB24FD /* Alamofire.xcodeproj */;
			proxyType = 1;
			remoteGlobalIDString = F8111E3219A95C8B0040E7D1;
			remoteInfo = "Alamofire iOS";
		};
		FAA98CF61E3E5CD700EB24FD /* PBXContainerItemProxy */ = {
			isa = PBXContainerItemProxy;
			containerPortal = FAA98CEB1E3E5CD700EB24FD /* AlamofireImage.xcodeproj */;
			proxyType = 2;
			remoteGlobalIDString = 4C9043771AABBFC5001B4E60;
			remoteInfo = "AlamofireImage iOS";
		};
		FAA98CF81E3E5CD700EB24FD /* PBXContainerItemProxy */ = {
			isa = PBXContainerItemProxy;
			containerPortal = FAA98CEB1E3E5CD700EB24FD /* AlamofireImage.xcodeproj */;
			proxyType = 2;
			remoteGlobalIDString = 4C9043821AABBFC5001B4E60;
			remoteInfo = "AlamofireImage iOS Tests";
		};
		FAA98CFA1E3E5CD700EB24FD /* PBXContainerItemProxy */ = {
			isa = PBXContainerItemProxy;
			containerPortal = FAA98CEB1E3E5CD700EB24FD /* AlamofireImage.xcodeproj */;
			proxyType = 2;
			remoteGlobalIDString = 4CE611321AABC24E00D35044;
			remoteInfo = "AlamofireImage macOS";
		};
		FAA98CFC1E3E5CD700EB24FD /* PBXContainerItemProxy */ = {
			isa = PBXContainerItemProxy;
			containerPortal = FAA98CEB1E3E5CD700EB24FD /* AlamofireImage.xcodeproj */;
			proxyType = 2;
			remoteGlobalIDString = 4CE611471AABC5C900D35044;
			remoteInfo = "AlamofireImage macOS Tests";
		};
		FAA98CFE1E3E5CD700EB24FD /* PBXContainerItemProxy */ = {
			isa = PBXContainerItemProxy;
			containerPortal = FAA98CEB1E3E5CD700EB24FD /* AlamofireImage.xcodeproj */;
			proxyType = 2;
			remoteGlobalIDString = 4C16B37D1BA9399500A66EF0;
			remoteInfo = "AlamofireImage tvOS";
		};
		FAA98D001E3E5CD700EB24FD /* PBXContainerItemProxy */ = {
			isa = PBXContainerItemProxy;
			containerPortal = FAA98CEB1E3E5CD700EB24FD /* AlamofireImage.xcodeproj */;
			proxyType = 2;
			remoteGlobalIDString = 4C16B3861BA9399500A66EF0;
			remoteInfo = "AlamofireImage tvOS Tests";
		};
		FAA98D021E3E5CD700EB24FD /* PBXContainerItemProxy */ = {
			isa = PBXContainerItemProxy;
			containerPortal = FAA98CEB1E3E5CD700EB24FD /* AlamofireImage.xcodeproj */;
			proxyType = 2;
			remoteGlobalIDString = 4C4D4EC11B92976900C96855;
			remoteInfo = "AlamofireImage watchOS";
		};
		FAA98D061E3E5CF400EB24FD /* PBXContainerItemProxy */ = {
			isa = PBXContainerItemProxy;
			containerPortal = FAA98CEB1E3E5CD700EB24FD /* AlamofireImage.xcodeproj */;
			proxyType = 1;
			remoteGlobalIDString = 4C9043761AABBFC5001B4E60;
			remoteInfo = "AlamofireImage iOS";
		};
/* End PBXContainerItemProxy section */

/* Begin PBXCopyFilesBuildPhase section */
		FAA98CCD1E3E5BA800EB24FD /* Embed Frameworks */ = {
			isa = PBXCopyFilesBuildPhase;
			buildActionMask = 2147483647;
			dstPath = "";
			dstSubfolderSpec = 10;
			files = (
				FAA98CCA1E3E5BA800EB24FD /* Alamofire.framework in Embed Frameworks */,
				FAA98D051E3E5CF400EB24FD /* AlamofireImage.framework in Embed Frameworks */,
			);
			name = "Embed Frameworks";
			runOnlyForDeploymentPostprocessing = 0;
		};
/* End PBXCopyFilesBuildPhase section */

/* Begin PBXFileReference section */
		FA26295D1E37C79D00E96FC2 /* ArticleListTableViewController.swift */ = {isa = PBXFileReference; fileEncoding = 4; lastKnownFileType = sourcecode.swift; path = ArticleListTableViewController.swift; sourceTree = "<group>"; };
		FA26295F1E37EC5E00E96FC2 /* ArticleTableViewCell.swift */ = {isa = PBXFileReference; fileEncoding = 4; lastKnownFileType = sourcecode.swift; path = ArticleTableViewCell.swift; sourceTree = "<group>"; };
		FA39A41A1E3CB85A00988684 /* HTMLCleaner.swift */ = {isa = PBXFileReference; fileEncoding = 4; lastKnownFileType = sourcecode.swift; path = HTMLCleaner.swift; sourceTree = "<group>"; };
		FA39A41E1E3CECF100988684 /* Matcher.swift */ = {isa = PBXFileReference; fileEncoding = 4; lastKnownFileType = sourcecode.swift; path = Matcher.swift; sourceTree = "<group>"; };
		FA5215CD1E26B3B00014AC95 /* ArticleViewer.app */ = {isa = PBXFileReference; explicitFileType = wrapper.application; includeInIndex = 0; path = ArticleViewer.app; sourceTree = BUILT_PRODUCTS_DIR; };
		FA5215D01E26B3B00014AC95 /* AppDelegate.swift */ = {isa = PBXFileReference; lastKnownFileType = sourcecode.swift; path = AppDelegate.swift; sourceTree = "<group>"; };
		FA5215D51E26B3B00014AC95 /* Base */ = {isa = PBXFileReference; lastKnownFileType = file.storyboard; name = Base; path = Base.lproj/Main.storyboard; sourceTree = "<group>"; };
		FA5215D81E26B3B00014AC95 /* ArticleViewer.xcdatamodel */ = {isa = PBXFileReference; lastKnownFileType = wrapper.xcdatamodel; path = ArticleViewer.xcdatamodel; sourceTree = "<group>"; };
		FA5215DA1E26B3B00014AC95 /* Assets.xcassets */ = {isa = PBXFileReference; lastKnownFileType = folder.assetcatalog; path = Assets.xcassets; sourceTree = "<group>"; };
		FA5215DD1E26B3B00014AC95 /* Base */ = {isa = PBXFileReference; lastKnownFileType = file.storyboard; name = Base; path = Base.lproj/LaunchScreen.storyboard; sourceTree = "<group>"; };
		FA5215DF1E26B3B00014AC95 /* Info.plist */ = {isa = PBXFileReference; lastKnownFileType = text.plist.xml; path = Info.plist; sourceTree = "<group>"; };
		FA994F7E1E38EB74008B49DA /* ListModel.swift */ = {isa = PBXFileReference; fileEncoding = 4; lastKnownFileType = sourcecode.swift; path = ListModel.swift; sourceTree = "<group>"; };
		FA994FB51E3A3297008B49DA /* ArticleTextViewController.swift */ = {isa = PBXFileReference; fileEncoding = 4; lastKnownFileType = sourcecode.swift; path = ArticleTextViewController.swift; sourceTree = "<group>"; };
		FA994FB71E3A3AAD008B49DA /* ArticleModel.swift */ = {isa = PBXFileReference; fileEncoding = 4; lastKnownFileType = sourcecode.swift; path = ArticleModel.swift; sourceTree = "<group>"; };
		FAA98CB01E3E5B5200EB24FD /* Alamofire.xcodeproj */ = {isa = PBXFileReference; lastKnownFileType = "wrapper.pb-project"; name = Alamofire.xcodeproj; path = Alamofire/Alamofire.xcodeproj; sourceTree = "<group>"; };
		FAA98CEB1E3E5CD700EB24FD /* AlamofireImage.xcodeproj */ = {isa = PBXFileReference; lastKnownFileType = "wrapper.pb-project"; name = AlamofireImage.xcodeproj; path = AlamofireImage/AlamofireImage.xcodeproj; sourceTree = "<group>"; };
/* End PBXFileReference section */

/* Begin PBXFrameworksBuildPhase section */
		FA5215CA1E26B3B00014AC95 /* Frameworks */ = {
			isa = PBXFrameworksBuildPhase;
			buildActionMask = 2147483647;
			files = (
				FAA98CC91E3E5BA800EB24FD /* Alamofire.framework in Frameworks */,
				FAA98D041E3E5CF400EB24FD /* AlamofireImage.framework in Frameworks */,
			);
			runOnlyForDeploymentPostprocessing = 0;
		};
/* End PBXFrameworksBuildPhase section */

/* Begin PBXGroup section */
		FA5215C41E26B3B00014AC95 = {
			isa = PBXGroup;
			children = (
				FAA98CEB1E3E5CD700EB24FD /* AlamofireImage.xcodeproj */,
				FAA98CB01E3E5B5200EB24FD /* Alamofire.xcodeproj */,
				FA5215CF1E26B3B00014AC95 /* ArticleViewer */,
				FA5215CE1E26B3B00014AC95 /* Products */,
			);
			sourceTree = "<group>";
		};
		FA5215CE1E26B3B00014AC95 /* Products */ = {
			isa = PBXGroup;
			children = (
				FA5215CD1E26B3B00014AC95 /* ArticleViewer.app */,
			);
			name = Products;
			sourceTree = "<group>";
		};
		FA5215CF1E26B3B00014AC95 /* ArticleViewer */ = {
			isa = PBXGroup;
			children = (
				FA39A41E1E3CECF100988684 /* Matcher.swift */,
				FA39A41A1E3CB85A00988684 /* HTMLCleaner.swift */,
				FA5216081E2BE0ED0014AC95 /* Supporting Files */,
				FA994FBA1E3A4217008B49DA /* ArticleTextMVC */,
				FA994FB91E3A41FF008B49DA /* ArticleListMVC */,
				FA5215D41E26B3B00014AC95 /* Main.storyboard */,
			);
			path = ArticleViewer;
			sourceTree = "<group>";
		};
		FA5216081E2BE0ED0014AC95 /* Supporting Files */ = {
			isa = PBXGroup;
			children = (
				FA5215D01E26B3B00014AC95 /* AppDelegate.swift */,
				FA5215DA1E26B3B00014AC95 /* Assets.xcassets */,
				FA5215DC1E26B3B00014AC95 /* LaunchScreen.storyboard */,
				FA5215DF1E26B3B00014AC95 /* Info.plist */,
				FA5215D71E26B3B00014AC95 /* ArticleViewer.xcdatamodeld */,
			);
			name = "Supporting Files";
			sourceTree = "<group>";
		};
		FA994FB91E3A41FF008B49DA /* ArticleListMVC */ = {
			isa = PBXGroup;
			children = (
				FA26295D1E37C79D00E96FC2 /* ArticleListTableViewController.swift */,
				FA26295F1E37EC5E00E96FC2 /* ArticleTableViewCell.swift */,
				FA994F7E1E38EB74008B49DA /* ListModel.swift */,
			);
			name = ArticleListMVC;
			path = "List MVC";
			sourceTree = "<group>";
		};
		FA994FBA1E3A4217008B49DA /* ArticleTextMVC */ = {
			isa = PBXGroup;
			children = (
				FA994FB51E3A3297008B49DA /* ArticleTextViewController.swift */,
				FA994FB71E3A3AAD008B49DA /* ArticleModel.swift */,
			);
			name = ArticleTextMVC;
			path = "Article MVC";
			sourceTree = "<group>";
		};
		FAA98CB11E3E5B5200EB24FD /* Products */ = {
			isa = PBXGroup;
			children = (
				FAA98CBC1E3E5B5200EB24FD /* Alamofire.framework */,
				FAA98CBE1E3E5B5200EB24FD /* Alamofire iOS Tests.xctest */,
				FAA98CC01E3E5B5200EB24FD /* Alamofire.framework */,
				FAA98CC21E3E5B5200EB24FD /* Alamofire macOS Tests.xctest */,
				FAA98CC41E3E5B5200EB24FD /* Alamofire.framework */,
				FAA98CC61E3E5B5200EB24FD /* Alamofire tvOS Tests.xctest */,
				FAA98CC81E3E5B5200EB24FD /* Alamofire.framework */,
			);
			name = Products;
			sourceTree = "<group>";
		};
		FAA98CEC1E3E5CD700EB24FD /* Products */ = {
			isa = PBXGroup;
			children = (
				FAA98CF71E3E5CD700EB24FD /* AlamofireImage.framework */,
				FAA98CF91E3E5CD700EB24FD /* AlamofireImage iOS Tests.xctest */,
				FAA98CFB1E3E5CD700EB24FD /* AlamofireImage.framework */,
				FAA98CFD1E3E5CD700EB24FD /* AlamofireImage macOS Tests.xctest */,
				FAA98CFF1E3E5CD700EB24FD /* AlamofireImage.framework */,
				FAA98D011E3E5CD700EB24FD /* AlamofireImage tvOS Tests.xctest */,
				FAA98D031E3E5CD700EB24FD /* AlamofireImage.framework */,
			);
			name = Products;
			sourceTree = "<group>";
		};
/* End PBXGroup section */

/* Begin PBXNativeTarget section */
		FA5215CC1E26B3B00014AC95 /* ArticleViewer */ = {
			isa = PBXNativeTarget;
			buildConfigurationList = FA5215E21E26B3B00014AC95 /* Build configuration list for PBXNativeTarget "ArticleViewer" */;
			buildPhases = (
				FA5215C91E26B3B00014AC95 /* Sources */,
				FA5215CA1E26B3B00014AC95 /* Frameworks */,
				FA5215CB1E26B3B00014AC95 /* Resources */,
				FAA98CCD1E3E5BA800EB24FD /* Embed Frameworks */,
			);
			buildRules = (
			);
			dependencies = (
				FAA98CCC1E3E5BA800EB24FD /* PBXTargetDependency */,
				FAA98D071E3E5CF400EB24FD /* PBXTargetDependency */,
			);
			name = ArticleViewer;
			productName = ArticleViewer;
			productReference = FA5215CD1E26B3B00014AC95 /* ArticleViewer.app */;
			productType = "com.apple.product-type.application";
		};
/* End PBXNativeTarget section */

/* Begin PBXProject section */
		FA5215C51E26B3B00014AC95 /* Project object */ = {
			isa = PBXProject;
			attributes = {
				LastSwiftUpdateCheck = 0820;
				LastUpgradeCheck = 0820;
				ORGANIZATIONNAME = "Екатерина Сухова";
				TargetAttributes = {
					FA5215CC1E26B3B00014AC95 = {
						CreatedOnToolsVersion = 8.2.1;
						DevelopmentTeam = U6W4U3TE48;
						ProvisioningStyle = Automatic;
					};
				};
			};
			buildConfigurationList = FA5215C81E26B3B00014AC95 /* Build configuration list for PBXProject "ArticleViewer" */;
			compatibilityVersion = "Xcode 3.2";
			developmentRegion = English;
			hasScannedForEncodings = 0;
			knownRegions = (
				en,
				Base,
			);
			mainGroup = FA5215C41E26B3B00014AC95;
			productRefGroup = FA5215CE1E26B3B00014AC95 /* Products */;
			projectDirPath = "";
			projectReferences = (
				{
					ProductGroup = FAA98CB11E3E5B5200EB24FD /* Products */;
					ProjectRef = FAA98CB01E3E5B5200EB24FD /* Alamofire.xcodeproj */;
				},
				{
					ProductGroup = FAA98CEC1E3E5CD700EB24FD /* Products */;
					ProjectRef = FAA98CEB1E3E5CD700EB24FD /* AlamofireImage.xcodeproj */;
				},
			);
			projectRoot = "";
			targets = (
				FA5215CC1E26B3B00014AC95 /* ArticleViewer */,
			);
		};
/* End PBXProject section */

/* Begin PBXReferenceProxy section */
		FAA98CBC1E3E5B5200EB24FD /* Alamofire.framework */ = {
			isa = PBXReferenceProxy;
			fileType = wrapper.framework;
			path = Alamofire.framework;
			remoteRef = FAA98CBB1E3E5B5200EB24FD /* PBXContainerItemProxy */;
			sourceTree = BUILT_PRODUCTS_DIR;
		};
		FAA98CBE1E3E5B5200EB24FD /* Alamofire iOS Tests.xctest */ = {
			isa = PBXReferenceProxy;
			fileType = wrapper.cfbundle;
			path = "Alamofire iOS Tests.xctest";
			remoteRef = FAA98CBD1E3E5B5200EB24FD /* PBXContainerItemProxy */;
			sourceTree = BUILT_PRODUCTS_DIR;
		};
		FAA98CC01E3E5B5200EB24FD /* Alamofire.framework */ = {
			isa = PBXReferenceProxy;
			fileType = wrapper.framework;
			path = Alamofire.framework;
			remoteRef = FAA98CBF1E3E5B5200EB24FD /* PBXContainerItemProxy */;
			sourceTree = BUILT_PRODUCTS_DIR;
		};
		FAA98CC21E3E5B5200EB24FD /* Alamofire macOS Tests.xctest */ = {
			isa = PBXReferenceProxy;
			fileType = wrapper.cfbundle;
			path = "Alamofire macOS Tests.xctest";
			remoteRef = FAA98CC11E3E5B5200EB24FD /* PBXContainerItemProxy */;
			sourceTree = BUILT_PRODUCTS_DIR;
		};
		FAA98CC41E3E5B5200EB24FD /* Alamofire.framework */ = {
			isa = PBXReferenceProxy;
			fileType = wrapper.framework;
			path = Alamofire.framework;
			remoteRef = FAA98CC31E3E5B5200EB24FD /* PBXContainerItemProxy */;
			sourceTree = BUILT_PRODUCTS_DIR;
		};
		FAA98CC61E3E5B5200EB24FD /* Alamofire tvOS Tests.xctest */ = {
			isa = PBXReferenceProxy;
			fileType = wrapper.cfbundle;
			path = "Alamofire tvOS Tests.xctest";
			remoteRef = FAA98CC51E3E5B5200EB24FD /* PBXContainerItemProxy */;
			sourceTree = BUILT_PRODUCTS_DIR;
		};
		FAA98CC81E3E5B5200EB24FD /* Alamofire.framework */ = {
			isa = PBXReferenceProxy;
			fileType = wrapper.framework;
			path = Alamofire.framework;
			remoteRef = FAA98CC71E3E5B5200EB24FD /* PBXContainerItemProxy */;
			sourceTree = BUILT_PRODUCTS_DIR;
		};
		FAA98CF71E3E5CD700EB24FD /* AlamofireImage.framework */ = {
			isa = PBXReferenceProxy;
			fileType = wrapper.framework;
			path = AlamofireImage.framework;
			remoteRef = FAA98CF61E3E5CD700EB24FD /* PBXContainerItemProxy */;
			sourceTree = BUILT_PRODUCTS_DIR;
		};
		FAA98CF91E3E5CD700EB24FD /* AlamofireImage iOS Tests.xctest */ = {
			isa = PBXReferenceProxy;
			fileType = wrapper.cfbundle;
			path = "AlamofireImage iOS Tests.xctest";
			remoteRef = FAA98CF81E3E5CD700EB24FD /* PBXContainerItemProxy */;
			sourceTree = BUILT_PRODUCTS_DIR;
		};
		FAA98CFB1E3E5CD700EB24FD /* AlamofireImage.framework */ = {
			isa = PBXReferenceProxy;
			fileType = wrapper.framework;
			path = AlamofireImage.framework;
			remoteRef = FAA98CFA1E3E5CD700EB24FD /* PBXContainerItemProxy */;
			sourceTree = BUILT_PRODUCTS_DIR;
		};
		FAA98CFD1E3E5CD700EB24FD /* AlamofireImage macOS Tests.xctest */ = {
			isa = PBXReferenceProxy;
			fileType = wrapper.cfbundle;
			path = "AlamofireImage macOS Tests.xctest";
			remoteRef = FAA98CFC1E3E5CD700EB24FD /* PBXContainerItemProxy */;
			sourceTree = BUILT_PRODUCTS_DIR;
		};
		FAA98CFF1E3E5CD700EB24FD /* AlamofireImage.framework */ = {
			isa = PBXReferenceProxy;
			fileType = wrapper.framework;
			path = AlamofireImage.framework;
			remoteRef = FAA98CFE1E3E5CD700EB24FD /* PBXContainerItemProxy */;
			sourceTree = BUILT_PRODUCTS_DIR;
		};
		FAA98D011E3E5CD700EB24FD /* AlamofireImage tvOS Tests.xctest */ = {
			isa = PBXReferenceProxy;
			fileType = wrapper.cfbundle;
			path = "AlamofireImage tvOS Tests.xctest";
			remoteRef = FAA98D001E3E5CD700EB24FD /* PBXContainerItemProxy */;
			sourceTree = BUILT_PRODUCTS_DIR;
		};
		FAA98D031E3E5CD700EB24FD /* AlamofireImage.framework */ = {
			isa = PBXReferenceProxy;
			fileType = wrapper.framework;
			path = AlamofireImage.framework;
			remoteRef = FAA98D021E3E5CD700EB24FD /* PBXContainerItemProxy */;
			sourceTree = BUILT_PRODUCTS_DIR;
		};
/* End PBXReferenceProxy section */

/* Begin PBXResourcesBuildPhase section */
		FA5215CB1E26B3B00014AC95 /* Resources */ = {
			isa = PBXResourcesBuildPhase;
			buildActionMask = 2147483647;
			files = (
				FA5215DE1E26B3B00014AC95 /* LaunchScreen.storyboard in Resources */,
				FA5215DB1E26B3B00014AC95 /* Assets.xcassets in Resources */,
				FA5215D61E26B3B00014AC95 /* Main.storyboard in Resources */,
			);
			runOnlyForDeploymentPostprocessing = 0;
		};
/* End PBXResourcesBuildPhase section */

/* Begin PBXSourcesBuildPhase section */
		FA5215C91E26B3B00014AC95 /* Sources */ = {
			isa = PBXSourcesBuildPhase;
			buildActionMask = 2147483647;
			files = (
				FA994FB61E3A3297008B49DA /* ArticleTextViewController.swift in Sources */,
				FA5215D11E26B3B00014AC95 /* AppDelegate.swift in Sources */,
				FA26295E1E37C79D00E96FC2 /* ArticleListTableViewController.swift in Sources */,
				FA994F7F1E38EB74008B49DA /* ListModel.swift in Sources */,
				FA2629601E37EC5E00E96FC2 /* ArticleTableViewCell.swift in Sources */,
				FA994FB81E3A3AAD008B49DA /* ArticleModel.swift in Sources */,
				FA5215D91E26B3B00014AC95 /* ArticleViewer.xcdatamodeld in Sources */,
				FA39A41F1E3CECF100988684 /* Matcher.swift in Sources */,
				FA39A41B1E3CB85A00988684 /* HTMLCleaner.swift in Sources */,
			);
			runOnlyForDeploymentPostprocessing = 0;
		};
/* End PBXSourcesBuildPhase section */

/* Begin PBXTargetDependency section */
		FAA98CCC1E3E5BA800EB24FD /* PBXTargetDependency */ = {
			isa = PBXTargetDependency;
			name = "Alamofire iOS";
			targetProxy = FAA98CCB1E3E5BA800EB24FD /* PBXContainerItemProxy */;
		};
		FAA98D071E3E5CF400EB24FD /* PBXTargetDependency */ = {
			isa = PBXTargetDependency;
			name = "AlamofireImage iOS";
			targetProxy = FAA98D061E3E5CF400EB24FD /* PBXContainerItemProxy */;
		};
/* End PBXTargetDependency section */

/* Begin PBXVariantGroup section */
		FA5215D41E26B3B00014AC95 /* Main.storyboard */ = {
			isa = PBXVariantGroup;
			children = (
				FA5215D51E26B3B00014AC95 /* Base */,
			);
			name = Main.storyboard;
			sourceTree = "<group>";
		};
		FA5215DC1E26B3B00014AC95 /* LaunchScreen.storyboard */ = {
			isa = PBXVariantGroup;
			children = (
				FA5215DD1E26B3B00014AC95 /* Base */,
			);
			name = LaunchScreen.storyboard;
			sourceTree = "<group>";
		};
/* End PBXVariantGroup section */

/* Begin XCBuildConfiguration section */
		FA5215E01E26B3B00014AC95 /* Debug */ = {
			isa = XCBuildConfiguration;
			buildSettings = {
				ALWAYS_SEARCH_USER_PATHS = NO;
				CLANG_ANALYZER_NONNULL = YES;
				CLANG_CXX_LANGUAGE_STANDARD = "gnu++0x";
				CLANG_CXX_LIBRARY = "libc++";
				CLANG_ENABLE_MODULES = YES;
				CLANG_ENABLE_OBJC_ARC = YES;
				CLANG_WARN_BOOL_CONVERSION = YES;
				CLANG_WARN_CONSTANT_CONVERSION = YES;
				CLANG_WARN_DIRECT_OBJC_ISA_USAGE = YES_ERROR;
				CLANG_WARN_DOCUMENTATION_COMMENTS = YES;
				CLANG_WARN_EMPTY_BODY = YES;
				CLANG_WARN_ENUM_CONVERSION = YES;
				CLANG_WARN_INFINITE_RECURSION = YES;
				CLANG_WARN_INT_CONVERSION = YES;
				CLANG_WARN_OBJC_ROOT_CLASS = YES_ERROR;
				CLANG_WARN_SUSPICIOUS_MOVE = YES;
				CLANG_WARN_UNREACHABLE_CODE = YES;
				CLANG_WARN__DUPLICATE_METHOD_MATCH = YES;
				"CODE_SIGN_IDENTITY[sdk=iphoneos*]" = "iPhone Developer";
				COPY_PHASE_STRIP = NO;
				DEBUG_INFORMATION_FORMAT = dwarf;
				ENABLE_STRICT_OBJC_MSGSEND = YES;
				ENABLE_TESTABILITY = YES;
				GCC_C_LANGUAGE_STANDARD = gnu99;
				GCC_DYNAMIC_NO_PIC = NO;
				GCC_NO_COMMON_BLOCKS = YES;
				GCC_OPTIMIZATION_LEVEL = 0;
				GCC_PREPROCESSOR_DEFINITIONS = (
					"DEBUG=1",
					"$(inherited)",
				);
				GCC_WARN_64_TO_32_BIT_CONVERSION = YES;
				GCC_WARN_ABOUT_RETURN_TYPE = YES_ERROR;
				GCC_WARN_UNDECLARED_SELECTOR = YES;
				GCC_WARN_UNINITIALIZED_AUTOS = YES_AGGRESSIVE;
				GCC_WARN_UNUSED_FUNCTION = YES;
				GCC_WARN_UNUSED_VARIABLE = YES;
				IPHONEOS_DEPLOYMENT_TARGET = 10.2;
				MTL_ENABLE_DEBUG_INFO = YES;
				ONLY_ACTIVE_ARCH = YES;
				SDKROOT = iphoneos;
				SWIFT_ACTIVE_COMPILATION_CONDITIONS = DEBUG;
				SWIFT_OPTIMIZATION_LEVEL = "-Onone";
				TARGETED_DEVICE_FAMILY = "1,2";
			};
			name = Debug;
		};
		FA5215E11E26B3B00014AC95 /* Release */ = {
			isa = XCBuildConfiguration;
			buildSettings = {
				ALWAYS_SEARCH_USER_PATHS = NO;
				CLANG_ANALYZER_NONNULL = YES;
				CLANG_CXX_LANGUAGE_STANDARD = "gnu++0x";
				CLANG_CXX_LIBRARY = "libc++";
				CLANG_ENABLE_MODULES = YES;
				CLANG_ENABLE_OBJC_ARC = YES;
				CLANG_WARN_BOOL_CONVERSION = YES;
				CLANG_WARN_CONSTANT_CONVERSION = YES;
				CLANG_WARN_DIRECT_OBJC_ISA_USAGE = YES_ERROR;
				CLANG_WARN_DOCUMENTATION_COMMENTS = YES;
				CLANG_WARN_EMPTY_BODY = YES;
				CLANG_WARN_ENUM_CONVERSION = YES;
				CLANG_WARN_INFINITE_RECURSION = YES;
				CLANG_WARN_INT_CONVERSION = YES;
				CLANG_WARN_OBJC_ROOT_CLASS = YES_ERROR;
				CLANG_WARN_SUSPICIOUS_MOVE = YES;
				CLANG_WARN_UNREACHABLE_CODE = YES;
				CLANG_WARN__DUPLICATE_METHOD_MATCH = YES;
				"CODE_SIGN_IDENTITY[sdk=iphoneos*]" = "iPhone Developer";
				COPY_PHASE_STRIP = NO;
				DEBUG_INFORMATION_FORMAT = "dwarf-with-dsym";
				ENABLE_NS_ASSERTIONS = NO;
				ENABLE_STRICT_OBJC_MSGSEND = YES;
				GCC_C_LANGUAGE_STANDARD = gnu99;
				GCC_NO_COMMON_BLOCKS = YES;
				GCC_WARN_64_TO_32_BIT_CONVERSION = YES;
				GCC_WARN_ABOUT_RETURN_TYPE = YES_ERROR;
				GCC_WARN_UNDECLARED_SELECTOR = YES;
				GCC_WARN_UNINITIALIZED_AUTOS = YES_AGGRESSIVE;
				GCC_WARN_UNUSED_FUNCTION = YES;
				GCC_WARN_UNUSED_VARIABLE = YES;
				IPHONEOS_DEPLOYMENT_TARGET = 10.2;
				MTL_ENABLE_DEBUG_INFO = NO;
				SDKROOT = iphoneos;
				SWIFT_OPTIMIZATION_LEVEL = "-Owholemodule";
				TARGETED_DEVICE_FAMILY = "1,2";
				VALIDATE_PRODUCT = YES;
			};
			name = Release;
		};
		FA5215E31E26B3B00014AC95 /* Debug */ = {
			isa = XCBuildConfiguration;
			buildSettings = {
				ALWAYS_EMBED_SWIFT_STANDARD_LIBRARIES = YES;
				ASSETCATALOG_COMPILER_APPICON_NAME = AppIcon;
				"CODE_SIGN_IDENTITY[sdk=iphoneos*]" = "iPhone Developer";
				DEVELOPMENT_TEAM = U6W4U3TE48;
				INFOPLIST_FILE = ArticleViewer/Info.plist;
				IPHONEOS_DEPLOYMENT_TARGET = 10.1;
				LD_RUNPATH_SEARCH_PATHS = "$(inherited) @executable_path/Frameworks";
				PRODUCT_BUNDLE_IDENTIFIER = ekaterina.sukhova.ArticleViewer;
				PRODUCT_NAME = "$(TARGET_NAME)";
				SWIFT_VERSION = 3.0;
				TARGETED_DEVICE_FAMILY = "1,2";
			};
			name = Debug;
		};
		FA5215E41E26B3B00014AC95 /* Release */ = {
			isa = XCBuildConfiguration;
			buildSettings = {
				ALWAYS_EMBED_SWIFT_STANDARD_LIBRARIES = YES;
				ASSETCATALOG_COMPILER_APPICON_NAME = AppIcon;
				"CODE_SIGN_IDENTITY[sdk=iphoneos*]" = "iPhone Developer";
				DEVELOPMENT_TEAM = U6W4U3TE48;
				INFOPLIST_FILE = ArticleViewer/Info.plist;
				IPHONEOS_DEPLOYMENT_TARGET = 10.1;
				LD_RUNPATH_SEARCH_PATHS = "$(inherited) @executable_path/Frameworks";
				PRODUCT_BUNDLE_IDENTIFIER = ekaterina.sukhova.ArticleViewer;
				PRODUCT_NAME = "$(TARGET_NAME)";
				SWIFT_VERSION = 3.0;
				TARGETED_DEVICE_FAMILY = "1,2";
			};
			name = Release;
		};
/* End XCBuildConfiguration section */

/* Begin XCConfigurationList section */
		FA5215C81E26B3B00014AC95 /* Build configuration list for PBXProject "ArticleViewer" */ = {
			isa = XCConfigurationList;
			buildConfigurations = (
				FA5215E01E26B3B00014AC95 /* Debug */,
				FA5215E11E26B3B00014AC95 /* Release */,
			);
			defaultConfigurationIsVisible = 0;
			defaultConfigurationName = Release;
		};
		FA5215E21E26B3B00014AC95 /* Build configuration list for PBXNativeTarget "ArticleViewer" */ = {
			isa = XCConfigurationList;
			buildConfigurations = (
				FA5215E31E26B3B00014AC95 /* Debug */,
				FA5215E41E26B3B00014AC95 /* Release */,
			);
			defaultConfigurationIsVisible = 0;
			defaultConfigurationName = Release;
		};
/* End XCConfigurationList section */

/* Begin XCVersionGroup section */
		FA5215D71E26B3B00014AC95 /* ArticleViewer.xcdatamodeld */ = {
			isa = XCVersionGroup;
			children = (
				FA5215D81E26B3B00014AC95 /* ArticleViewer.xcdatamodel */,
			);
			currentVersion = FA5215D81E26B3B00014AC95 /* ArticleViewer.xcdatamodel */;
			path = ArticleViewer.xcdatamodeld;
			sourceTree = "<group>";
			versionGroupType = wrapper.xcdatamodel;
		};
/* End XCVersionGroup section */
	};
	rootObject = FA5215C51E26B3B00014AC95 /* Project object */;
}
